
Microsoft Visual Studio Solution File, Format Version 12.00
# Visual Studio Version 16
VisualStudioVersion = 16.0.29609.76
MinimumVisualStudioVersion = 10.0.40219.1
Project("{9A19103F-16F7-4668-BE54-9A1E7A4F7556}") = "StringExtensions", "StringExtensions\StringExtensions.csproj", "{BCF23E86-5930-4807-8A64-CA5965E57824}"
EndProject
Project("{FAE04EC0-301F-11D3-BF4B-00C04F79EFBC}") = "StringExtensions.Tests", "StringExtensions.Tests\StringExtensions.Tests.csproj", "{E6A421F5-0B8E-4D36-9B11-E166647DFCCC}"
EndProject
Project("{2150E333-8FDC-42A3-9474-1A3956D46DE8}") = "Solution Items", "Solution Items", "{A35E8F81-97D8-4D94-80E7-A49DB0C27FCC}"
	ProjectSection(SolutionItems) = preProject
		Yarn-ico.pdn = Yarn-ico.pdn
		Yarn.ico = Yarn.ico
		Yarn.png = Yarn.png
		Yarn32x32.png = Yarn32x32.png
	EndProjectSection
EndProject
Global
	GlobalSection(SolutionConfigurationPlatforms) = preSolution
		Debug|Any CPU = Debug|Any CPU
		Release|Any CPU = Release|Any CPU
	EndGlobalSection
	GlobalSection(ProjectConfigurationPlatforms) = postSolution
		{BCF23E86-5930-4807-8A64-CA5965E57824}.Debug|Any CPU.ActiveCfg = Debug|Any CPU
		{BCF23E86-5930-4807-8A64-CA5965E57824}.Debug|Any CPU.Build.0 = Debug|Any CPU
		{BCF23E86-5930-4807-8A64-CA5965E57824}.Release|Any CPU.ActiveCfg = Release|Any CPU
		{BCF23E86-5930-4807-8A64-CA5965E57824}.Release|Any CPU.Build.0 = Release|Any CPU
		{E6A421F5-0B8E-4D36-9B11-E166647DFCCC}.Debug|Any CPU.ActiveCfg = Debug|Any CPU
		{E6A421F5-0B8E-4D36-9B11-E166647DFCCC}.Debug|Any CPU.Build.0 = Debug|Any CPU
		{E6A421F5-0B8E-4D36-9B11-E166647DFCCC}.Release|Any CPU.ActiveCfg = Release|Any CPU
		{E6A421F5-0B8E-4D36-9B11-E166647DFCCC}.Release|Any CPU.Build.0 = Release|Any CPU
	EndGlobalSection
	GlobalSection(SolutionProperties) = preSolution
		HideSolutionNode = FALSE
	EndGlobalSection
	GlobalSection(ExtensibilityGlobals) = postSolution
		SolutionGuid = {6EE34039-EEEF-4FEC-AF48-32D22972337C}
	EndGlobalSection
EndGlobal
